// !$*UTF8*$!
{
	archiveVersion = 1;
	classes = {
	};
	objectVersion = 55;
	objects = {

/* Begin PBXBuildFile section */
		CB9066F32806D35E00B42643 /* AppDelegate.swift in Sources */ = {isa = PBXBuildFile; fileRef = CB9066F22806D35E00B42643 /* AppDelegate.swift */; };
		CB9066F52806D35E00B42643 /* SceneDelegate.swift in Sources */ = {isa = PBXBuildFile; fileRef = CB9066F42806D35E00B42643 /* SceneDelegate.swift */; };
		CB9066F72806D35E00B42643 /* CalculatorViewController.swift in Sources */ = {isa = PBXBuildFile; fileRef = CB9066F62806D35E00B42643 /* CalculatorViewController.swift */; };
		CB9066FC2806D36000B42643 /* Assets.xcassets in Resources */ = {isa = PBXBuildFile; fileRef = CB9066FB2806D36000B42643 /* Assets.xcassets */; };
		CB9066FF2806D36000B42643 /* LaunchScreen.storyboard in Resources */ = {isa = PBXBuildFile; fileRef = CB9066FD2806D36000B42643 /* LaunchScreen.storyboard */; };
		CB9067072806D48800B42643 /* CalculatorView.swift in Sources */ = {isa = PBXBuildFile; fileRef = CB9067062806D48800B42643 /* CalculatorView.swift */; };
		CB9067092806D4A100B42643 /* CalculatorBrain.swift in Sources */ = {isa = PBXBuildFile; fileRef = CB9067082806D4A100B42643 /* CalculatorBrain.swift */; };
		CB90670D2806DBE400B42643 /* Constant.swift in Sources */ = {isa = PBXBuildFile; fileRef = CB90670C2806DBE400B42643 /* Constant.swift */; };
		CB90670F2806DE8D00B42643 /* CalculatorButtonType.swift in Sources */ = {isa = PBXBuildFile; fileRef = CB90670E2806DE8D00B42643 /* CalculatorButtonType.swift */; };
		CB9067112806E26C00B42643 /* Functions.swift in Sources */ = {isa = PBXBuildFile; fileRef = CB9067102806E26C00B42643 /* Functions.swift */; };
		CB9067162806E5C500B42643 /* CalculatorButton.swift in Sources */ = {isa = PBXBuildFile; fileRef = CB9067152806E5C500B42643 /* CalculatorButton.swift */; };
		CB90671B2806EEBC00B42643 /* UIStackViewExtension.swift in Sources */ = {isa = PBXBuildFile; fileRef = CB90671A2806EEBC00B42643 /* UIStackViewExtension.swift */; };
		CB90671D2806FED600B42643 /* Enumerations.swift in Sources */ = {isa = PBXBuildFile; fileRef = CB90671C2806FED600B42643 /* Enumerations.swift */; };
		CB90671F280724E000B42643 /* UIViewExtension.swift in Sources */ = {isa = PBXBuildFile; fileRef = CB90671E280724E000B42643 /* UIViewExtension.swift */; };
		CBDC84FB28100BA300043157 /* KeyboardView.swift in Sources */ = {isa = PBXBuildFile; fileRef = CBDC84FA28100BA300043157 /* KeyboardView.swift */; };
		CBDC84FD28100D7900043157 /* ResultView.swift in Sources */ = {isa = PBXBuildFile; fileRef = CBDC84FC28100D7900043157 /* ResultView.swift */; };
/* End PBXBuildFile section */

/* Begin PBXFileReference section */
		CB9066EF2806D35E00B42643 /* Calculator.app */ = {isa = PBXFileReference; explicitFileType = wrapper.application; includeInIndex = 0; path = Calculator.app; sourceTree = BUILT_PRODUCTS_DIR; };
		CB9066F22806D35E00B42643 /* AppDelegate.swift */ = {isa = PBXFileReference; lastKnownFileType = sourcecode.swift; path = AppDelegate.swift; sourceTree = "<group>"; };
		CB9066F42806D35E00B42643 /* SceneDelegate.swift */ = {isa = PBXFileReference; lastKnownFileType = sourcecode.swift; path = SceneDelegate.swift; sourceTree = "<group>"; };
		CB9066F62806D35E00B42643 /* CalculatorViewController.swift */ = {isa = PBXFileReference; lastKnownFileType = sourcecode.swift; path = CalculatorViewController.swift; sourceTree = "<group>"; };
		CB9066FB2806D36000B42643 /* Assets.xcassets */ = {isa = PBXFileReference; lastKnownFileType = folder.assetcatalog; path = Assets.xcassets; sourceTree = "<group>"; };
		CB9066FE2806D36000B42643 /* Base */ = {isa = PBXFileReference; lastKnownFileType = file.storyboard; name = Base; path = Base.lproj/LaunchScreen.storyboard; sourceTree = "<group>"; };
		CB9067002806D36000B42643 /* Info.plist */ = {isa = PBXFileReference; lastKnownFileType = text.plist.xml; path = Info.plist; sourceTree = "<group>"; };
		CB9067062806D48800B42643 /* CalculatorView.swift */ = {isa = PBXFileReference; lastKnownFileType = sourcecode.swift; path = CalculatorView.swift; sourceTree = "<group>"; };
		CB9067082806D4A100B42643 /* CalculatorBrain.swift */ = {isa = PBXFileReference; lastKnownFileType = sourcecode.swift; path = CalculatorBrain.swift; sourceTree = "<group>"; };
		CB90670C2806DBE400B42643 /* Constant.swift */ = {isa = PBXFileReference; lastKnownFileType = sourcecode.swift; path = Constant.swift; sourceTree = "<group>"; };
		CB90670E2806DE8D00B42643 /* CalculatorButtonType.swift */ = {isa = PBXFileReference; lastKnownFileType = sourcecode.swift; path = CalculatorButtonType.swift; sourceTree = "<group>"; };
		CB9067102806E26C00B42643 /* Functions.swift */ = {isa = PBXFileReference; lastKnownFileType = sourcecode.swift; path = Functions.swift; sourceTree = "<group>"; };
		CB9067152806E5C500B42643 /* CalculatorButton.swift */ = {isa = PBXFileReference; lastKnownFileType = sourcecode.swift; path = CalculatorButton.swift; sourceTree = "<group>"; };
		CB90671A2806EEBC00B42643 /* UIStackViewExtension.swift */ = {isa = PBXFileReference; lastKnownFileType = sourcecode.swift; path = UIStackViewExtension.swift; sourceTree = "<group>"; };
		CB90671C2806FED600B42643 /* Enumerations.swift */ = {isa = PBXFileReference; lastKnownFileType = sourcecode.swift; path = Enumerations.swift; sourceTree = "<group>"; };
		CB90671E280724E000B42643 /* UIViewExtension.swift */ = {isa = PBXFileReference; lastKnownFileType = sourcecode.swift; path = UIViewExtension.swift; sourceTree = "<group>"; };
		CBDC84FA28100BA300043157 /* KeyboardView.swift */ = {isa = PBXFileReference; lastKnownFileType = sourcecode.swift; path = KeyboardView.swift; sourceTree = "<group>"; };
		CBDC84FC28100D7900043157 /* ResultView.swift */ = {isa = PBXFileReference; lastKnownFileType = sourcecode.swift; path = ResultView.swift; sourceTree = "<group>"; };
/* End PBXFileReference section */

/* Begin PBXFrameworksBuildPhase section */
		CB9066EC2806D35E00B42643 /* Frameworks */ = {
			isa = PBXFrameworksBuildPhase;
			buildActionMask = 2147483647;
			files = (
			);
			runOnlyForDeploymentPostprocessing = 0;
		};
/* End PBXFrameworksBuildPhase section */

/* Begin PBXGroup section */
		CB9066E62806D35E00B42643 = {
			isa = PBXGroup;
			children = (
				CB9066F12806D35E00B42643 /* Calculator */,
				CB9066F02806D35E00B42643 /* Products */,
			);
			sourceTree = "<group>";
		};
		CB9066F02806D35E00B42643 /* Products */ = {
			isa = PBXGroup;
			children = (
				CB9066EF2806D35E00B42643 /* Calculator.app */,
			);
			name = Products;
			sourceTree = "<group>";
		};
		CB9066F12806D35E00B42643 /* Calculator */ = {
			isa = PBXGroup;
			children = (
				CB90670C2806DBE400B42643 /* Constant.swift */,
				CB90670E2806DE8D00B42643 /* CalculatorButtonType.swift */,
				CB90671C2806FED600B42643 /* Enumerations.swift */,
				CB9067102806E26C00B42643 /* Functions.swift */,
				CB90670A2806D4B700B42643 /* Calculator */,
				CB90670B2806D4C000B42643 /* SupportingFiles */,
				CB9067122806E27700B42643 /* Extensions */,
				CB9066FB2806D36000B42643 /* Assets.xcassets */,
				CB9066FD2806D36000B42643 /* LaunchScreen.storyboard */,
				CB9067002806D36000B42643 /* Info.plist */,
			);
			path = Calculator;
			sourceTree = "<group>";
		};
		CB90670A2806D4B700B42643 /* Calculator */ = {
			isa = PBXGroup;
			children = (
				CB9067082806D4A100B42643 /* CalculatorBrain.swift */,
				CB9066F62806D35E00B42643 /* CalculatorViewController.swift */,
				CB9067062806D48800B42643 /* CalculatorView.swift */,
				CBDC84FA28100BA300043157 /* KeyboardView.swift */,
				CBDC84FC28100D7900043157 /* ResultView.swift */,
				CB9067152806E5C500B42643 /* CalculatorButton.swift */,
			);
			path = Calculator;
			sourceTree = "<group>";
		};
		CB90670B2806D4C000B42643 /* SupportingFiles */ = {
			isa = PBXGroup;
			children = (
				CB9066F22806D35E00B42643 /* AppDelegate.swift */,
				CB9066F42806D35E00B42643 /* SceneDelegate.swift */,
			);
			path = SupportingFiles;
			sourceTree = "<group>";
		};
		CB9067122806E27700B42643 /* Extensions */ = {
			isa = PBXGroup;
			children = (
				CB90671E280724E000B42643 /* UIViewExtension.swift */,
				CB90671A2806EEBC00B42643 /* UIStackViewExtension.swift */,
			);
			path = Extensions;
			sourceTree = "<group>";
		};
/* End PBXGroup section */

/* Begin PBXNativeTarget section */
		CB9066EE2806D35E00B42643 /* Calculator */ = {
			isa = PBXNativeTarget;
			buildConfigurationList = CB9067032806D36000B42643 /* Build configuration list for PBXNativeTarget "Calculator" */;
			buildPhases = (
				CB9066EB2806D35E00B42643 /* Sources */,
				CB9066EC2806D35E00B42643 /* Frameworks */,
				CB9066ED2806D35E00B42643 /* Resources */,
			);
			buildRules = (
			);
			dependencies = (
			);
			name = Calculator;
			productName = Calculator;
			productReference = CB9066EF2806D35E00B42643 /* Calculator.app */;
			productType = "com.apple.product-type.application";
		};
/* End PBXNativeTarget section */

/* Begin PBXProject section */
		CB9066E72806D35E00B42643 /* Project object */ = {
			isa = PBXProject;
			attributes = {
				BuildIndependentTargetsInParallel = 1;
				LastSwiftUpdateCheck = 1320;
				LastUpgradeCheck = 1320;
				TargetAttributes = {
					CB9066EE2806D35E00B42643 = {
						CreatedOnToolsVersion = 13.2.1;
					};
				};
			};
			buildConfigurationList = CB9066EA2806D35E00B42643 /* Build configuration list for PBXProject "Calculator" */;
			compatibilityVersion = "Xcode 13.0";
			developmentRegion = en;
			hasScannedForEncodings = 0;
			knownRegions = (
				en,
				Base,
			);
			mainGroup = CB9066E62806D35E00B42643;
			productRefGroup = CB9066F02806D35E00B42643 /* Products */;
			projectDirPath = "";
			projectRoot = "";
			targets = (
				CB9066EE2806D35E00B42643 /* Calculator */,
			);
		};
/* End PBXProject section */

/* Begin PBXResourcesBuildPhase section */
		CB9066ED2806D35E00B42643 /* Resources */ = {
			isa = PBXResourcesBuildPhase;
			buildActionMask = 2147483647;
			files = (
				CB9066FF2806D36000B42643 /* LaunchScreen.storyboard in Resources */,
				CB9066FC2806D36000B42643 /* Assets.xcassets in Resources */,
			);
			runOnlyForDeploymentPostprocessing = 0;
		};
/* End PBXResourcesBuildPhase section */

/* Begin PBXSourcesBuildPhase section */
		CB9066EB2806D35E00B42643 /* Sources */ = {
			isa = PBXSourcesBuildPhase;
			buildActionMask = 2147483647;
			files = (
				CB90671B2806EEBC00B42643 /* UIStackViewExtension.swift in Sources */,
				CBDC84FB28100BA300043157 /* KeyboardView.swift in Sources */,
				CB9067072806D48800B42643 /* CalculatorView.swift in Sources */,
				CB9066F72806D35E00B42643 /* CalculatorViewController.swift in Sources */,
				CB9066F32806D35E00B42643 /* AppDelegate.swift in Sources */,
				CBDC84FD28100D7900043157 /* ResultView.swift in Sources */,
				CB9067112806E26C00B42643 /* Functions.swift in Sources */,
				CB9067092806D4A100B42643 /* CalculatorBrain.swift in Sources */,
				CB90671F280724E000B42643 /* UIViewExtension.swift in Sources */,
				CB9066F52806D35E00B42643 /* SceneDelegate.swift in Sources */,
				CB90670D2806DBE400B42643 /* Constant.swift in Sources */,
				CB90670F2806DE8D00B42643 /* CalculatorButtonType.swift in Sources */,
				CB90671D2806FED600B42643 /* Enumerations.swift in Sources */,
				CB9067162806E5C500B42643 /* CalculatorButton.swift in Sources */,
			);
			runOnlyForDeploymentPostprocessing = 0;
		};
/* End PBXSourcesBuildPhase section */

/* Begin PBXVariantGroup section */
		CB9066FD2806D36000B42643 /* LaunchScreen.storyboard */ = {
			isa = PBXVariantGroup;
			children = (
				CB9066FE2806D36000B42643 /* Base */,
			);
			name = LaunchScreen.storyboard;
			sourceTree = "<group>";
		};
/* End PBXVariantGroup section */

/* Begin XCBuildConfiguration section */
		CB9067012806D36000B42643 /* Debug */ = {
			isa = XCBuildConfiguration;
			buildSettings = {
				ALWAYS_SEARCH_USER_PATHS = NO;
				CLANG_ANALYZER_NONNULL = YES;
				CLANG_ANALYZER_NUMBER_OBJECT_CONVERSION = YES_AGGRESSIVE;
				CLANG_CXX_LANGUAGE_STANDARD = "gnu++17";
				CLANG_CXX_LIBRARY = "libc++";
				CLANG_ENABLE_MODULES = YES;
				CLANG_ENABLE_OBJC_ARC = YES;
				CLANG_ENABLE_OBJC_WEAK = YES;
				CLANG_WARN_BLOCK_CAPTURE_AUTORELEASING = YES;
				CLANG_WARN_BOOL_CONVERSION = YES;
				CLANG_WARN_COMMA = YES;
				CLANG_WARN_CONSTANT_CONVERSION = YES;
				CLANG_WARN_DEPRECATED_OBJC_IMPLEMENTATIONS = YES;
				CLANG_WARN_DIRECT_OBJC_ISA_USAGE = YES_ERROR;
				CLANG_WARN_DOCUMENTATION_COMMENTS = YES;
				CLANG_WARN_EMPTY_BODY = YES;
				CLANG_WARN_ENUM_CONVERSION = YES;
				CLANG_WARN_INFINITE_RECURSION = YES;
				CLANG_WARN_INT_CONVERSION = YES;
				CLANG_WARN_NON_LITERAL_NULL_CONVERSION = YES;
				CLANG_WARN_OBJC_IMPLICIT_RETAIN_SELF = YES;
				CLANG_WARN_OBJC_LITERAL_CONVERSION = YES;
				CLANG_WARN_OBJC_ROOT_CLASS = YES_ERROR;
				CLANG_WARN_QUOTED_INCLUDE_IN_FRAMEWORK_HEADER = YES;
				CLANG_WARN_RANGE_LOOP_ANALYSIS = YES;
				CLANG_WARN_STRICT_PROTOTYPES = YES;
				CLANG_WARN_SUSPICIOUS_MOVE = YES;
				CLANG_WARN_UNGUARDED_AVAILABILITY = YES_AGGRESSIVE;
				CLANG_WARN_UNREACHABLE_CODE = YES;
				CLANG_WARN__DUPLICATE_METHOD_MATCH = YES;
				COPY_PHASE_STRIP = NO;
				DEBUG_INFORMATION_FORMAT = dwarf;
				ENABLE_STRICT_OBJC_MSGSEND = YES;
				ENABLE_TESTABILITY = YES;
				GCC_C_LANGUAGE_STANDARD = gnu11;
				GCC_DYNAMIC_NO_PIC = NO;
				GCC_NO_COMMON_BLOCKS = YES;
				GCC_OPTIMIZATION_LEVEL = 0;
				GCC_PREPROCESSOR_DEFINITIONS = (
					"DEBUG=1",
					"$(inherited)",
				);
				GCC_WARN_64_TO_32_BIT_CONVERSION = YES;
				GCC_WARN_ABOUT_RETURN_TYPE = YES_ERROR;
				GCC_WARN_UNDECLARED_SELECTOR = YES;
				GCC_WARN_UNINITIALIZED_AUTOS = YES_AGGRESSIVE;
				GCC_WARN_UNUSED_FUNCTION = YES;
				GCC_WARN_UNUSED_VARIABLE = YES;
				IPHONEOS_DEPLOYMENT_TARGET = 15.2;
				MTL_ENABLE_DEBUG_INFO = INCLUDE_SOURCE;
				MTL_FAST_MATH = YES;
				ONLY_ACTIVE_ARCH = YES;
				SDKROOT = iphoneos;
				SWIFT_ACTIVE_COMPILATION_CONDITIONS = DEBUG;
				SWIFT_OPTIMIZATION_LEVEL = "-Onone";
			};
			name = Debug;
		};
		CB9067022806D36000B42643 /* Release */ = {
			isa = XCBuildConfiguration;
			buildSettings = {
				ALWAYS_SEARCH_USER_PATHS = NO;
				CLANG_ANALYZER_NONNULL = YES;
				CLANG_ANALYZER_NUMBER_OBJECT_CONVERSION = YES_AGGRESSIVE;
				CLANG_CXX_LANGUAGE_STANDARD = "gnu++17";
				CLANG_CXX_LIBRARY = "libc++";
				CLANG_ENABLE_MODULES = YES;
				CLANG_ENABLE_OBJC_ARC = YES;
				CLANG_ENABLE_OBJC_WEAK = YES;
				CLANG_WARN_BLOCK_CAPTURE_AUTORELEASING = YES;
				CLANG_WARN_BOOL_CONVERSION = YES;
				CLANG_WARN_COMMA = YES;
				CLANG_WARN_CONSTANT_CONVERSION = YES;
				CLANG_WARN_DEPRECATED_OBJC_IMPLEMENTATIONS = YES;
				CLANG_WARN_DIRECT_OBJC_ISA_USAGE = YES_ERROR;
				CLANG_WARN_DOCUMENTATION_COMMENTS = YES;
				CLANG_WARN_EMPTY_BODY = YES;
				CLANG_WARN_ENUM_CONVERSION = YES;
				CLANG_WARN_INFINITE_RECURSION = YES;
				CLANG_WARN_INT_CONVERSION = YES;
				CLANG_WARN_NON_LITERAL_NULL_CONVERSION = YES;
				CLANG_WARN_OBJC_IMPLICIT_RETAIN_SELF = YES;
				CLANG_WARN_OBJC_LITERAL_CONVERSION = YES;
				CLANG_WARN_OBJC_ROOT_CLASS = YES_ERROR;
				CLANG_WARN_QUOTED_INCLUDE_IN_FRAMEWORK_HEADER = YES;
				CLANG_WARN_RANGE_LOOP_ANALYSIS = YES;
				CLANG_WARN_STRICT_PROTOTYPES = YES;
				CLANG_WARN_SUSPICIOUS_MOVE = YES;
				CLANG_WARN_UNGUARDED_AVAILABILITY = YES_AGGRESSIVE;
				CLANG_WARN_UNREACHABLE_CODE = YES;
				CLANG_WARN__DUPLICATE_METHOD_MATCH = YES;
				COPY_PHASE_STRIP = NO;
				DEBUG_INFORMATION_FORMAT = "dwarf-with-dsym";
				ENABLE_NS_ASSERTIONS = NO;
				ENABLE_STRICT_OBJC_MSGSEND = YES;
				GCC_C_LANGUAGE_STANDARD = gnu11;
				GCC_NO_COMMON_BLOCKS = YES;
				GCC_WARN_64_TO_32_BIT_CONVERSION = YES;
				GCC_WARN_ABOUT_RETURN_TYPE = YES_ERROR;
				GCC_WARN_UNDECLARED_SELECTOR = YES;
				GCC_WARN_UNINITIALIZED_AUTOS = YES_AGGRESSIVE;
				GCC_WARN_UNUSED_FUNCTION = YES;
				GCC_WARN_UNUSED_VARIABLE = YES;
				IPHONEOS_DEPLOYMENT_TARGET = 15.2;
				MTL_ENABLE_DEBUG_INFO = NO;
				MTL_FAST_MATH = YES;
				SDKROOT = iphoneos;
				SWIFT_COMPILATION_MODE = wholemodule;
				SWIFT_OPTIMIZATION_LEVEL = "-O";
				VALIDATE_PRODUCT = YES;
			};
			name = Release;
		};
		CB9067042806D36000B42643 /* Debug */ = {
			isa = XCBuildConfiguration;
			buildSettings = {
				ASSETCATALOG_COMPILER_APPICON_NAME = AppIcon;
				ASSETCATALOG_COMPILER_GLOBAL_ACCENT_COLOR_NAME = AccentColor;
				CODE_SIGN_STYLE = Automatic;
				CURRENT_PROJECT_VERSION = 1;
				DEVELOPMENT_TEAM = T7YWVGS7V5;
				GENERATE_INFOPLIST_FILE = YES;
				INFOPLIST_FILE = Calculator/Info.plist;
				INFOPLIST_KEY_UIApplicationSupportsIndirectInputEvents = YES;
				INFOPLIST_KEY_UILaunchStoryboardName = LaunchScreen;
				INFOPLIST_KEY_UISupportedInterfaceOrientations_iPad = "UIInterfaceOrientationPortrait UIInterfaceOrientationPortraitUpsideDown UIInterfaceOrientationLandscapeLeft UIInterfaceOrientationLandscapeRight";
				INFOPLIST_KEY_UISupportedInterfaceOrientations_iPhone = "UIInterfaceOrientationPortrait UIInterfaceOrientationLandscapeLeft UIInterfaceOrientationLandscapeRight";
				LD_RUNPATH_SEARCH_PATHS = (
					"$(inherited)",
					"@executable_path/Frameworks",
				);
				MARKETING_VERSION = 1.0;
				PRODUCT_BUNDLE_IDENTIFIER = ru.gellert.Calculator;
				PRODUCT_NAME = "$(TARGET_NAME)";
				SWIFT_EMIT_LOC_STRINGS = YES;
				SWIFT_VERSION = 5.0;
				TARGETED_DEVICE_FAMILY = "1,2";
			};
			name = Debug;
		};
		CB9067052806D36000B42643 /* Release */ = {
			isa = XCBuildConfiguration;
			buildSettings = {
				ASSETCATALOG_COMPILER_APPICON_NAME = AppIcon;
				ASSETCATALOG_COMPILER_GLOBAL_ACCENT_COLOR_NAME = AccentColor;
				CODE_SIGN_STYLE = Automatic;
				CURRENT_PROJECT_VERSION = 1;
				DEVELOPMENT_TEAM = T7YWVGS7V5;
				GENERATE_INFOPLIST_FILE = YES;
				INFOPLIST_FILE = Calculator/Info.plist;
				INFOPLIST_KEY_UIApplicationSupportsIndirectInputEvents = YES;
				INFOPLIST_KEY_UILaunchStoryboardName = LaunchScreen;
				INFOPLIST_KEY_UISupportedInterfaceOrientations_iPad = "UIInterfaceOrientationPortrait UIInterfaceOrientationPortraitUpsideDown UIInterfaceOrientationLandscapeLeft UIInterfaceOrientationLandscapeRight";
				INFOPLIST_KEY_UISupportedInterfaceOrientations_iPhone = "UIInterfaceOrientationPortrait UIInterfaceOrientationLandscapeLeft UIInterfaceOrientationLandscapeRight";
				LD_RUNPATH_SEARCH_PATHS = (
					"$(inherited)",
					"@executable_path/Frameworks",
				);
				MARKETING_VERSION = 1.0;
				PRODUCT_BUNDLE_IDENTIFIER = ru.gellert.Calculator;
				PRODUCT_NAME = "$(TARGET_NAME)";
				SWIFT_EMIT_LOC_STRINGS = YES;
				SWIFT_VERSION = 5.0;
				TARGETED_DEVICE_FAMILY = "1,2";
			};
			name = Release;
		};
/* End XCBuildConfiguration section */

/* Begin XCConfigurationList section */
		CB9066EA2806D35E00B42643 /* Build configuration list for PBXProject "Calculator" */ = {
			isa = XCConfigurationList;
			buildConfigurations = (
				CB9067012806D36000B42643 /* Debug */,
				CB9067022806D36000B42643 /* Release */,
			);
			defaultConfigurationIsVisible = 0;
			defaultConfigurationName = Release;
		};
		CB9067032806D36000B42643 /* Build configuration list for PBXNativeTarget "Calculator" */ = {
			isa = XCConfigurationList;
			buildConfigurations = (
				CB9067042806D36000B42643 /* Debug */,
				CB9067052806D36000B42643 /* Release */,
			);
			defaultConfigurationIsVisible = 0;
			defaultConfigurationName = Release;
		};
/* End XCConfigurationList section */
	};
	rootObject = CB9066E72806D35E00B42643 /* Project object */;
}
